
Microsoft Visual Studio Solution File, Format Version 12.00
# Visual Studio Version 16
VisualStudioVersion = 16.0.32228.343
MinimumVisualStudioVersion = 10.0.40219.1
Project("{FAE04EC0-301F-11D3-BF4B-00C04F79EFBC}") = "Task 22.04.22 (Student and Group classes)", "Task 22.04.22 (Student and Group classes)\Task 22.04.22 (Student and Group classes).csproj", "{CCC76927-BFE1-4F09-801A-25564A3389E6}"
EndProject
Global
	GlobalSection(SolutionConfigurationPlatforms) = preSolution
		Debug|Any CPU = Debug|Any CPU
		Release|Any CPU = Release|Any CPU
	EndGlobalSection
	GlobalSection(ProjectConfigurationPlatforms) = postSolution
		{CCC76927-BFE1-4F09-801A-25564A3389E6}.Debug|Any CPU.ActiveCfg = Debug|Any CPU
		{CCC76927-BFE1-4F09-801A-25564A3389E6}.Debug|Any CPU.Build.0 = Debug|Any CPU
		{CCC76927-BFE1-4F09-801A-25564A3389E6}.Release|Any CPU.ActiveCfg = Release|Any CPU
		{CCC76927-BFE1-4F09-801A-25564A3389E6}.Release|Any CPU.Build.0 = Release|Any CPU
	EndGlobalSection
	GlobalSection(SolutionProperties) = preSolution
		HideSolutionNode = FALSE
	EndGlobalSection
	GlobalSection(ExtensibilityGlobals) = postSolution
		SolutionGuid = {733D8329-280F-4EFB-82F4-A000D93CDA6F}
	EndGlobalSection
EndGlobal
